{
  "name": "mochakong",
  "version": "1.0.0",
  "lockfileVersion": 1,
  "requires": true,
  "dependencies": {
    "blanket": {
      "version": "1.2.3",
      "resolved": "http://101.132.127.199:7001/blanket/download/blanket-1.2.3.tgz",
      "dependencies": {
        "acorn": {
          "version": "http://101.132.127.199:7001/acorn/download/acorn-1.2.2.tgz",
          "bundled": true
        },
        "falafel": {
          "version": "http://101.132.127.199:7001/falafel/download/falafel-1.2.0.tgz",
          "bundled": true
        },
        "foreach": {
          "version": "http://101.132.127.199:7001/foreach/download/foreach-2.0.5.tgz",
          "bundled": true
        },
        "isarray": {
          "version": "http://101.132.127.199:7001/isarray/download/isarray-0.0.1.tgz",
          "bundled": true
        },
        "object-keys": {
          "version": "http://101.132.127.199:7001/object-keys/download/object-keys-1.1.0.tgz",
          "bundled": true
        },
        "xtend": {
          "version": "http://101.132.127.199:7001/xtend/download/xtend-4.0.1.tgz",
          "bundled": true
        }
      }
    }
  }
}
